// !$*UTF8*$!
{
	archiveVersion = 1;
	classes = {
	};
	objectVersion = 56;
	objects = {

/* Begin PBXBuildFile section */
		9E25149E2929A84800B994C9 /* AppDelegate.swift in Sources */ = {isa = PBXBuildFile; fileRef = 9E25149D2929A84800B994C9 /* AppDelegate.swift */; };
		9E2514A72929A84900B994C9 /* Assets.xcassets in Resources */ = {isa = PBXBuildFile; fileRef = 9E2514A62929A84900B994C9 /* Assets.xcassets */; };
		9E2514AA2929A84900B994C9 /* LaunchScreen.storyboard in Resources */ = {isa = PBXBuildFile; fileRef = 9E2514A82929A84900B994C9 /* LaunchScreen.storyboard */; };
		9E2514B52929A84900B994C9 /* CSTVTests.swift in Sources */ = {isa = PBXBuildFile; fileRef = 9E2514B42929A84900B994C9 /* CSTVTests.swift */; };
		9E2514BF2929A84900B994C9 /* CSTVUITests.swift in Sources */ = {isa = PBXBuildFile; fileRef = 9E2514BE2929A84900B994C9 /* CSTVUITests.swift */; };
		9E2514C12929A84900B994C9 /* CSTVUITestsLaunchTests.swift in Sources */ = {isa = PBXBuildFile; fileRef = 9E2514C02929A84900B994C9 /* CSTVUITestsLaunchTests.swift */; };
		9E2514D2292BC04700B994C9 /* CSTVApiSetupProtocol.swift in Sources */ = {isa = PBXBuildFile; fileRef = 9E2514D1292BC04700B994C9 /* CSTVApiSetupProtocol.swift */; };
		9E2514D4292BC0A100B994C9 /* CSTVApiError.swift in Sources */ = {isa = PBXBuildFile; fileRef = 9E2514D3292BC0A100B994C9 /* CSTVApiError.swift */; };
		9E2514D6292BC13F00B994C9 /* CSTVApiRequest.swift in Sources */ = {isa = PBXBuildFile; fileRef = 9E2514D5292BC13F00B994C9 /* CSTVApiRequest.swift */; };
		9E2514DB292BC7DC00B994C9 /* Bindable.swift in Sources */ = {isa = PBXBuildFile; fileRef = 9E2514DA292BC7DC00B994C9 /* Bindable.swift */; };
		9E2514DD292BC9F400B994C9 /* MatchesListViewController.swift in Sources */ = {isa = PBXBuildFile; fileRef = 9E2514DC292BC9F400B994C9 /* MatchesListViewController.swift */; };
		9E2514DF292BCA0700B994C9 /* MatchesListViewModel.swift in Sources */ = {isa = PBXBuildFile; fileRef = 9E2514DE292BCA0700B994C9 /* MatchesListViewModel.swift */; };
		9E2514E1292BCA3E00B994C9 /* MatchesListRepository.swift in Sources */ = {isa = PBXBuildFile; fileRef = 9E2514E0292BCA3E00B994C9 /* MatchesListRepository.swift */; };
		9E2514E4292BCCF300B994C9 /* Match.swift in Sources */ = {isa = PBXBuildFile; fileRef = 9E2514E3292BCCF300B994C9 /* Match.swift */; };
		9E2514E8292BEFB100B994C9 /* MatchesListServiceSetup.swift in Sources */ = {isa = PBXBuildFile; fileRef = 9E2514E7292BEFB100B994C9 /* MatchesListServiceSetup.swift */; };
		9E2514EB292C3D1400B994C9 /* Colors.swift in Sources */ = {isa = PBXBuildFile; fileRef = 9E2514EA292C3D1400B994C9 /* Colors.swift */; };
		9E2514ED292C56E000B994C9 /* MatchListItemTableViewCell.swift in Sources */ = {isa = PBXBuildFile; fileRef = 9E2514EC292C56E000B994C9 /* MatchListItemTableViewCell.swift */; };
		9E2514EF292C5CAB00B994C9 /* ViewConfiguration.swift in Sources */ = {isa = PBXBuildFile; fileRef = 9E2514EE292C5CAB00B994C9 /* ViewConfiguration.swift */; };
		9E2514F1292C601A00B994C9 /* Space.swift in Sources */ = {isa = PBXBuildFile; fileRef = 9E2514F0292C601A00B994C9 /* Space.swift */; };
		9E2514FC292D4E1A00B994C9 /* TeamLogoAndNameView.swift in Sources */ = {isa = PBXBuildFile; fileRef = 9E2514FB292D4E1A00B994C9 /* TeamLogoAndNameView.swift */; };
		9E2514FE292D553600B994C9 /* TeamVersusView.swift in Sources */ = {isa = PBXBuildFile; fileRef = 9E2514FD292D553600B994C9 /* TeamVersusView.swift */; };
		9E251500292D874A00B994C9 /* BadgeView.swift in Sources */ = {isa = PBXBuildFile; fileRef = 9E2514FF292D874A00B994C9 /* BadgeView.swift */; };
		9E251506292E518E00B994C9 /* SDWebImage in Frameworks */ = {isa = PBXBuildFile; productRef = 9E251505292E518E00B994C9 /* SDWebImage */; };
		9E69A8D0292E72220022EDE9 /* String+Extension.swift in Sources */ = {isa = PBXBuildFile; fileRef = 9E69A8CF292E72220022EDE9 /* String+Extension.swift */; };
		9E69A8D2292E841D0022EDE9 /* Date+Extension.swift in Sources */ = {isa = PBXBuildFile; fileRef = 9E69A8D1292E841D0022EDE9 /* Date+Extension.swift */; };
		9E69A8D5292EA62F0022EDE9 /* Images.swift in Sources */ = {isa = PBXBuildFile; fileRef = 9E69A8D4292EA62F0022EDE9 /* Images.swift */; };
		9E69A8D7292ED7330022EDE9 /* MatchesListFactory.swift in Sources */ = {isa = PBXBuildFile; fileRef = 9E69A8D6292ED7330022EDE9 /* MatchesListFactory.swift */; };
		9E69A8DC292EEA910022EDE9 /* MatchDetailsViewController.swift in Sources */ = {isa = PBXBuildFile; fileRef = 9E69A8DB292EEA910022EDE9 /* MatchDetailsViewController.swift */; };
		9E69A8DE292EEAA10022EDE9 /* MatchDetailsViewModel.swift in Sources */ = {isa = PBXBuildFile; fileRef = 9E69A8DD292EEAA10022EDE9 /* MatchDetailsViewModel.swift */; };
		9E69A8E0292EEAB80022EDE9 /* MatchDetailsFactory.swift in Sources */ = {isa = PBXBuildFile; fileRef = 9E69A8DF292EEAB80022EDE9 /* MatchDetailsFactory.swift */; };
		9E69A8E2292EEAD20022EDE9 /* MatchDetailsRepository.swift in Sources */ = {isa = PBXBuildFile; fileRef = 9E69A8E1292EEAD20022EDE9 /* MatchDetailsRepository.swift */; };
		9E69A8E4292EEB0A0022EDE9 /* MatchDetailsServiceSetup.swift in Sources */ = {isa = PBXBuildFile; fileRef = 9E69A8E3292EEB0A0022EDE9 /* MatchDetailsServiceSetup.swift */; };
		9E69A8E6292EF2AB0022EDE9 /* TeamDetails.swift in Sources */ = {isa = PBXBuildFile; fileRef = 9E69A8E5292EF2AB0022EDE9 /* TeamDetails.swift */; };
		9E69A8E8292F1B5F0022EDE9 /* MatchDetailTableViewCell.swift in Sources */ = {isa = PBXBuildFile; fileRef = 9E69A8E7292F1B5F0022EDE9 /* MatchDetailTableViewCell.swift */; };
		9E69A8EA292F23A40022EDE9 /* PlayersView.swift in Sources */ = {isa = PBXBuildFile; fileRef = 9E69A8E9292F23A40022EDE9 /* PlayersView.swift */; };
		9E69A8EC292F25AE0022EDE9 /* PlayerCardView.swift in Sources */ = {isa = PBXBuildFile; fileRef = 9E69A8EB292F25AE0022EDE9 /* PlayerCardView.swift */; };
		9E69A902292F27250022EDE9 /* Roboto-Medium.ttf in Resources */ = {isa = PBXBuildFile; fileRef = 9E69A8EF292F27250022EDE9 /* Roboto-Medium.ttf */; };
		9E69A903292F27250022EDE9 /* Roboto-Light.ttf in Resources */ = {isa = PBXBuildFile; fileRef = 9E69A8F0292F27250022EDE9 /* Roboto-Light.ttf */; };
		9E69A906292F27250022EDE9 /* Roboto-Regular.ttf in Resources */ = {isa = PBXBuildFile; fileRef = 9E69A8F3292F27250022EDE9 /* Roboto-Regular.ttf */; };
		9E69A912292F27250022EDE9 /* Roboto-Bold.ttf in Resources */ = {isa = PBXBuildFile; fileRef = 9E69A8FF292F27250022EDE9 /* Roboto-Bold.ttf */; };
		9E69A913292F27250022EDE9 /* Roboto-Thin.ttf in Resources */ = {isa = PBXBuildFile; fileRef = 9E69A900292F27250022EDE9 /* Roboto-Thin.ttf */; };
		9E69A914292F27250022EDE9 /* Roboto-Black.ttf in Resources */ = {isa = PBXBuildFile; fileRef = 9E69A901292F27250022EDE9 /* Roboto-Black.ttf */; };
		9E69A916292F28360022EDE9 /* Fonts.swift in Sources */ = {isa = PBXBuildFile; fileRef = 9E69A915292F28360022EDE9 /* Fonts.swift */; };
/* End PBXBuildFile section */

/* Begin PBXContainerItemProxy section */
		9E2514B12929A84900B994C9 /* PBXContainerItemProxy */ = {
			isa = PBXContainerItemProxy;
			containerPortal = 9E2514922929A84800B994C9 /* Project object */;
			proxyType = 1;
			remoteGlobalIDString = 9E2514992929A84800B994C9;
			remoteInfo = CSTV;
		};
		9E2514BB2929A84900B994C9 /* PBXContainerItemProxy */ = {
			isa = PBXContainerItemProxy;
			containerPortal = 9E2514922929A84800B994C9 /* Project object */;
			proxyType = 1;
			remoteGlobalIDString = 9E2514992929A84800B994C9;
			remoteInfo = CSTV;
		};
/* End PBXContainerItemProxy section */

/* Begin PBXFileReference section */
		9E25149A2929A84800B994C9 /* CSTV.app */ = {isa = PBXFileReference; explicitFileType = wrapper.application; includeInIndex = 0; path = CSTV.app; sourceTree = BUILT_PRODUCTS_DIR; };
		9E25149D2929A84800B994C9 /* AppDelegate.swift */ = {isa = PBXFileReference; lastKnownFileType = sourcecode.swift; path = AppDelegate.swift; sourceTree = "<group>"; };
		9E2514A62929A84900B994C9 /* Assets.xcassets */ = {isa = PBXFileReference; lastKnownFileType = folder.assetcatalog; path = Assets.xcassets; sourceTree = "<group>"; };
		9E2514A92929A84900B994C9 /* Base */ = {isa = PBXFileReference; lastKnownFileType = file.storyboard; name = Base; path = Base.lproj/LaunchScreen.storyboard; sourceTree = "<group>"; };
		9E2514AB2929A84900B994C9 /* Info.plist */ = {isa = PBXFileReference; lastKnownFileType = text.plist.xml; path = Info.plist; sourceTree = "<group>"; };
		9E2514B02929A84900B994C9 /* CSTVTests.xctest */ = {isa = PBXFileReference; explicitFileType = wrapper.cfbundle; includeInIndex = 0; path = CSTVTests.xctest; sourceTree = BUILT_PRODUCTS_DIR; };
		9E2514B42929A84900B994C9 /* CSTVTests.swift */ = {isa = PBXFileReference; lastKnownFileType = sourcecode.swift; path = CSTVTests.swift; sourceTree = "<group>"; };
		9E2514BA2929A84900B994C9 /* CSTVUITests.xctest */ = {isa = PBXFileReference; explicitFileType = wrapper.cfbundle; includeInIndex = 0; path = CSTVUITests.xctest; sourceTree = BUILT_PRODUCTS_DIR; };
		9E2514BE2929A84900B994C9 /* CSTVUITests.swift */ = {isa = PBXFileReference; lastKnownFileType = sourcecode.swift; path = CSTVUITests.swift; sourceTree = "<group>"; };
		9E2514C02929A84900B994C9 /* CSTVUITestsLaunchTests.swift */ = {isa = PBXFileReference; lastKnownFileType = sourcecode.swift; path = CSTVUITestsLaunchTests.swift; sourceTree = "<group>"; };
		9E2514D1292BC04700B994C9 /* CSTVApiSetupProtocol.swift */ = {isa = PBXFileReference; lastKnownFileType = sourcecode.swift; path = CSTVApiSetupProtocol.swift; sourceTree = "<group>"; };
		9E2514D3292BC0A100B994C9 /* CSTVApiError.swift */ = {isa = PBXFileReference; lastKnownFileType = sourcecode.swift; path = CSTVApiError.swift; sourceTree = "<group>"; };
		9E2514D5292BC13F00B994C9 /* CSTVApiRequest.swift */ = {isa = PBXFileReference; lastKnownFileType = sourcecode.swift; path = CSTVApiRequest.swift; sourceTree = "<group>"; };
		9E2514DA292BC7DC00B994C9 /* Bindable.swift */ = {isa = PBXFileReference; lastKnownFileType = sourcecode.swift; path = Bindable.swift; sourceTree = "<group>"; };
		9E2514DC292BC9F400B994C9 /* MatchesListViewController.swift */ = {isa = PBXFileReference; lastKnownFileType = sourcecode.swift; path = MatchesListViewController.swift; sourceTree = "<group>"; };
		9E2514DE292BCA0700B994C9 /* MatchesListViewModel.swift */ = {isa = PBXFileReference; lastKnownFileType = sourcecode.swift; path = MatchesListViewModel.swift; sourceTree = "<group>"; };
		9E2514E0292BCA3E00B994C9 /* MatchesListRepository.swift */ = {isa = PBXFileReference; lastKnownFileType = sourcecode.swift; path = MatchesListRepository.swift; sourceTree = "<group>"; };
		9E2514E3292BCCF300B994C9 /* Match.swift */ = {isa = PBXFileReference; lastKnownFileType = sourcecode.swift; path = Match.swift; sourceTree = "<group>"; };
		9E2514E7292BEFB100B994C9 /* MatchesListServiceSetup.swift */ = {isa = PBXFileReference; lastKnownFileType = sourcecode.swift; path = MatchesListServiceSetup.swift; sourceTree = "<group>"; };
		9E2514EA292C3D1400B994C9 /* Colors.swift */ = {isa = PBXFileReference; lastKnownFileType = sourcecode.swift; path = Colors.swift; sourceTree = "<group>"; };
		9E2514EC292C56E000B994C9 /* MatchListItemTableViewCell.swift */ = {isa = PBXFileReference; lastKnownFileType = sourcecode.swift; path = MatchListItemTableViewCell.swift; sourceTree = "<group>"; };
		9E2514EE292C5CAB00B994C9 /* ViewConfiguration.swift */ = {isa = PBXFileReference; lastKnownFileType = sourcecode.swift; path = ViewConfiguration.swift; sourceTree = "<group>"; };
		9E2514F0292C601A00B994C9 /* Space.swift */ = {isa = PBXFileReference; lastKnownFileType = sourcecode.swift; path = Space.swift; sourceTree = "<group>"; };
		9E2514FB292D4E1A00B994C9 /* TeamLogoAndNameView.swift */ = {isa = PBXFileReference; lastKnownFileType = sourcecode.swift; path = TeamLogoAndNameView.swift; sourceTree = "<group>"; };
		9E2514FD292D553600B994C9 /* TeamVersusView.swift */ = {isa = PBXFileReference; lastKnownFileType = sourcecode.swift; path = TeamVersusView.swift; sourceTree = "<group>"; };
		9E2514FF292D874A00B994C9 /* BadgeView.swift */ = {isa = PBXFileReference; lastKnownFileType = sourcecode.swift; path = BadgeView.swift; sourceTree = "<group>"; };
		9E69A8CF292E72220022EDE9 /* String+Extension.swift */ = {isa = PBXFileReference; lastKnownFileType = sourcecode.swift; path = "String+Extension.swift"; sourceTree = "<group>"; };
		9E69A8D1292E841D0022EDE9 /* Date+Extension.swift */ = {isa = PBXFileReference; lastKnownFileType = sourcecode.swift; path = "Date+Extension.swift"; sourceTree = "<group>"; };
		9E69A8D4292EA62F0022EDE9 /* Images.swift */ = {isa = PBXFileReference; lastKnownFileType = sourcecode.swift; path = Images.swift; sourceTree = "<group>"; };
		9E69A8D6292ED7330022EDE9 /* MatchesListFactory.swift */ = {isa = PBXFileReference; lastKnownFileType = sourcecode.swift; path = MatchesListFactory.swift; sourceTree = "<group>"; };
		9E69A8DB292EEA910022EDE9 /* MatchDetailsViewController.swift */ = {isa = PBXFileReference; lastKnownFileType = sourcecode.swift; path = MatchDetailsViewController.swift; sourceTree = "<group>"; };
		9E69A8DD292EEAA10022EDE9 /* MatchDetailsViewModel.swift */ = {isa = PBXFileReference; lastKnownFileType = sourcecode.swift; path = MatchDetailsViewModel.swift; sourceTree = "<group>"; };
		9E69A8DF292EEAB80022EDE9 /* MatchDetailsFactory.swift */ = {isa = PBXFileReference; lastKnownFileType = sourcecode.swift; path = MatchDetailsFactory.swift; sourceTree = "<group>"; };
		9E69A8E1292EEAD20022EDE9 /* MatchDetailsRepository.swift */ = {isa = PBXFileReference; lastKnownFileType = sourcecode.swift; path = MatchDetailsRepository.swift; sourceTree = "<group>"; };
		9E69A8E3292EEB0A0022EDE9 /* MatchDetailsServiceSetup.swift */ = {isa = PBXFileReference; lastKnownFileType = sourcecode.swift; path = MatchDetailsServiceSetup.swift; sourceTree = "<group>"; };
		9E69A8E5292EF2AB0022EDE9 /* TeamDetails.swift */ = {isa = PBXFileReference; lastKnownFileType = sourcecode.swift; path = TeamDetails.swift; sourceTree = "<group>"; };
		9E69A8E7292F1B5F0022EDE9 /* MatchDetailTableViewCell.swift */ = {isa = PBXFileReference; lastKnownFileType = sourcecode.swift; path = MatchDetailTableViewCell.swift; sourceTree = "<group>"; };
		9E69A8E9292F23A40022EDE9 /* PlayersView.swift */ = {isa = PBXFileReference; lastKnownFileType = sourcecode.swift; path = PlayersView.swift; sourceTree = "<group>"; };
		9E69A8EB292F25AE0022EDE9 /* PlayerCardView.swift */ = {isa = PBXFileReference; lastKnownFileType = sourcecode.swift; path = PlayerCardView.swift; sourceTree = "<group>"; };
		9E69A8EF292F27250022EDE9 /* Roboto-Medium.ttf */ = {isa = PBXFileReference; lastKnownFileType = file; path = "Roboto-Medium.ttf"; sourceTree = "<group>"; };
		9E69A8F0292F27250022EDE9 /* Roboto-Light.ttf */ = {isa = PBXFileReference; lastKnownFileType = file; path = "Roboto-Light.ttf"; sourceTree = "<group>"; };
		9E69A8F3292F27250022EDE9 /* Roboto-Regular.ttf */ = {isa = PBXFileReference; lastKnownFileType = file; path = "Roboto-Regular.ttf"; sourceTree = "<group>"; };
		9E69A8FF292F27250022EDE9 /* Roboto-Bold.ttf */ = {isa = PBXFileReference; lastKnownFileType = file; path = "Roboto-Bold.ttf"; sourceTree = "<group>"; };
		9E69A900292F27250022EDE9 /* Roboto-Thin.ttf */ = {isa = PBXFileReference; lastKnownFileType = file; path = "Roboto-Thin.ttf"; sourceTree = "<group>"; };
		9E69A901292F27250022EDE9 /* Roboto-Black.ttf */ = {isa = PBXFileReference; lastKnownFileType = file; path = "Roboto-Black.ttf"; sourceTree = "<group>"; };
		9E69A915292F28360022EDE9 /* Fonts.swift */ = {isa = PBXFileReference; lastKnownFileType = sourcecode.swift; path = Fonts.swift; sourceTree = "<group>"; };
/* End PBXFileReference section */

/* Begin PBXFrameworksBuildPhase section */
		9E2514972929A84800B994C9 /* Frameworks */ = {
			isa = PBXFrameworksBuildPhase;
			buildActionMask = 2147483647;
			files = (
				9E251506292E518E00B994C9 /* SDWebImage in Frameworks */,
			);
			runOnlyForDeploymentPostprocessing = 0;
		};
		9E2514AD2929A84900B994C9 /* Frameworks */ = {
			isa = PBXFrameworksBuildPhase;
			buildActionMask = 2147483647;
			files = (
			);
			runOnlyForDeploymentPostprocessing = 0;
		};
		9E2514B72929A84900B994C9 /* Frameworks */ = {
			isa = PBXFrameworksBuildPhase;
			buildActionMask = 2147483647;
			files = (
			);
			runOnlyForDeploymentPostprocessing = 0;
		};
/* End PBXFrameworksBuildPhase section */

/* Begin PBXGroup section */
		9E2514912929A84800B994C9 = {
			isa = PBXGroup;
			children = (
				9E25149C2929A84800B994C9 /* CSTV */,
				9E2514B32929A84900B994C9 /* CSTVTests */,
				9E2514BD2929A84900B994C9 /* CSTVUITests */,
				9E25149B2929A84800B994C9 /* Products */,
			);
			sourceTree = "<group>";
		};
		9E25149B2929A84800B994C9 /* Products */ = {
			isa = PBXGroup;
			children = (
				9E25149A2929A84800B994C9 /* CSTV.app */,
				9E2514B02929A84900B994C9 /* CSTVTests.xctest */,
				9E2514BA2929A84900B994C9 /* CSTVUITests.xctest */,
			);
			name = Products;
			sourceTree = "<group>";
		};
		9E25149C2929A84800B994C9 /* CSTV */ = {
			isa = PBXGroup;
			children = (
				9E2514CF2929BE1100B994C9 /* Sources */,
				9E2514CE2929BDE300B994C9 /* Resources */,
				9E2514CD2929BD9500B994C9 /* Application */,
				9E2514AB2929A84900B994C9 /* Info.plist */,
			);
			path = CSTV;
			sourceTree = "<group>";
		};
		9E2514B32929A84900B994C9 /* CSTVTests */ = {
			isa = PBXGroup;
			children = (
				9E2514B42929A84900B994C9 /* CSTVTests.swift */,
			);
			path = CSTVTests;
			sourceTree = "<group>";
		};
		9E2514BD2929A84900B994C9 /* CSTVUITests */ = {
			isa = PBXGroup;
			children = (
				9E2514BE2929A84900B994C9 /* CSTVUITests.swift */,
				9E2514C02929A84900B994C9 /* CSTVUITestsLaunchTests.swift */,
			);
			path = CSTVUITests;
			sourceTree = "<group>";
		};
		9E2514CD2929BD9500B994C9 /* Application */ = {
			isa = PBXGroup;
			children = (
				9E2514A82929A84900B994C9 /* LaunchScreen.storyboard */,
				9E25149D2929A84800B994C9 /* AppDelegate.swift */,
			);
			path = Application;
			sourceTree = "<group>";
		};
		9E2514CE2929BDE300B994C9 /* Resources */ = {
			isa = PBXGroup;
			children = (
				9E69A8ED292F27150022EDE9 /* Fonts */,
				9E69A8D3292EA60B0022EDE9 /* Images */,
				9E2514E9292C3CFC00B994C9 /* Colors */,
				9E2514A62929A84900B994C9 /* Assets.xcassets */,
			);
			path = Resources;
			sourceTree = "<group>";
		};
		9E2514CF2929BE1100B994C9 /* Sources */ = {
			isa = PBXGroup;
			children = (
				9E69A8CD292E72070022EDE9 /* Helpers */,
				9E2514F9292D4DDE00B994C9 /* Commons */,
				9E2514D9292BC7C800B994C9 /* Components */,
				9E2514E2292BCA7800B994C9 /* Models */,
				9E2514D7292BC66700B994C9 /* Scenes */,
				9E2514D0292BC00900B994C9 /* Service */,
			);
			path = Sources;
			sourceTree = "<group>";
		};
		9E2514D0292BC00900B994C9 /* Service */ = {
			isa = PBXGroup;
			children = (
				9E2514D1292BC04700B994C9 /* CSTVApiSetupProtocol.swift */,
				9E2514D3292BC0A100B994C9 /* CSTVApiError.swift */,
				9E2514D5292BC13F00B994C9 /* CSTVApiRequest.swift */,
			);
			path = Service;
			sourceTree = "<group>";
		};
		9E2514D7292BC66700B994C9 /* Scenes */ = {
			isa = PBXGroup;
			children = (
				9E69A8DA292EEA650022EDE9 /* MatchDetails */,
				9E2514D8292BC66E00B994C9 /* MatchesList */,
			);
			path = Scenes;
			sourceTree = "<group>";
		};
		9E2514D8292BC66E00B994C9 /* MatchesList */ = {
			isa = PBXGroup;
			children = (
				9E2514FF292D874A00B994C9 /* BadgeView.swift */,
				9E2514DC292BC9F400B994C9 /* MatchesListViewController.swift */,
				9E2514DE292BCA0700B994C9 /* MatchesListViewModel.swift */,
				9E2514E0292BCA3E00B994C9 /* MatchesListRepository.swift */,
				9E2514E7292BEFB100B994C9 /* MatchesListServiceSetup.swift */,
				9E2514EC292C56E000B994C9 /* MatchListItemTableViewCell.swift */,
				9E69A8D6292ED7330022EDE9 /* MatchesListFactory.swift */,
			);
			path = MatchesList;
			sourceTree = "<group>";
		};
		9E2514D9292BC7C800B994C9 /* Components */ = {
			isa = PBXGroup;
			children = (
				9E2514DA292BC7DC00B994C9 /* Bindable.swift */,
				9E2514EE292C5CAB00B994C9 /* ViewConfiguration.swift */,
				9E2514F0292C601A00B994C9 /* Space.swift */,
			);
			path = Components;
			sourceTree = "<group>";
		};
		9E2514E2292BCA7800B994C9 /* Models */ = {
			isa = PBXGroup;
			children = (
				9E2514E3292BCCF300B994C9 /* Match.swift */,
				9E69A8E5292EF2AB0022EDE9 /* TeamDetails.swift */,
			);
			path = Models;
			sourceTree = "<group>";
		};
		9E2514E9292C3CFC00B994C9 /* Colors */ = {
			isa = PBXGroup;
			children = (
				9E2514EA292C3D1400B994C9 /* Colors.swift */,
			);
			path = Colors;
			sourceTree = "<group>";
		};
		9E2514F9292D4DDE00B994C9 /* Commons */ = {
			isa = PBXGroup;
			children = (
				9E2514FA292D4DFD00B994C9 /* Views */,
			);
			path = Commons;
			sourceTree = "<group>";
		};
		9E2514FA292D4DFD00B994C9 /* Views */ = {
			isa = PBXGroup;
			children = (
				9E2514FB292D4E1A00B994C9 /* TeamLogoAndNameView.swift */,
				9E2514FD292D553600B994C9 /* TeamVersusView.swift */,
			);
			path = Views;
			sourceTree = "<group>";
		};
		9E69A8CD292E72070022EDE9 /* Helpers */ = {
			isa = PBXGroup;
			children = (
				9E69A8CE292E720F0022EDE9 /* Extensions */,
			);
			path = Helpers;
			sourceTree = "<group>";
		};
		9E69A8CE292E720F0022EDE9 /* Extensions */ = {
			isa = PBXGroup;
			children = (
				9E69A8CF292E72220022EDE9 /* String+Extension.swift */,
				9E69A8D1292E841D0022EDE9 /* Date+Extension.swift */,
			);
			path = Extensions;
			sourceTree = "<group>";
		};
		9E69A8D3292EA60B0022EDE9 /* Images */ = {
			isa = PBXGroup;
			children = (
				9E69A8D4292EA62F0022EDE9 /* Images.swift */,
			);
			path = Images;
			sourceTree = "<group>";
		};
		9E69A8DA292EEA650022EDE9 /* MatchDetails */ = {
			isa = PBXGroup;
			children = (
				9E69A8DB292EEA910022EDE9 /* MatchDetailsViewController.swift */,
				9E69A8DD292EEAA10022EDE9 /* MatchDetailsViewModel.swift */,
				9E69A8DF292EEAB80022EDE9 /* MatchDetailsFactory.swift */,
				9E69A8E1292EEAD20022EDE9 /* MatchDetailsRepository.swift */,
				9E69A8E3292EEB0A0022EDE9 /* MatchDetailsServiceSetup.swift */,
				9E69A8E7292F1B5F0022EDE9 /* MatchDetailTableViewCell.swift */,
				9E69A8E9292F23A40022EDE9 /* PlayersView.swift */,
				9E69A8EB292F25AE0022EDE9 /* PlayerCardView.swift */,
			);
			path = MatchDetails;
			sourceTree = "<group>";
		};
		9E69A8ED292F27150022EDE9 /* Fonts */ = {
			isa = PBXGroup;
			children = (
				9E69A8EE292F27250022EDE9 /* roboto */,
				9E69A915292F28360022EDE9 /* Fonts.swift */,
			);
			path = Fonts;
			sourceTree = "<group>";
		};
		9E69A8EE292F27250022EDE9 /* roboto */ = {
			isa = PBXGroup;
			children = (
				9E69A8EF292F27250022EDE9 /* Roboto-Medium.ttf */,
				9E69A8F0292F27250022EDE9 /* Roboto-Light.ttf */,
				9E69A8F3292F27250022EDE9 /* Roboto-Regular.ttf */,
				9E69A8FF292F27250022EDE9 /* Roboto-Bold.ttf */,
				9E69A900292F27250022EDE9 /* Roboto-Thin.ttf */,
				9E69A901292F27250022EDE9 /* Roboto-Black.ttf */,
			);
			path = roboto;
			sourceTree = "<group>";
		};
/* End PBXGroup section */

/* Begin PBXNativeTarget section */
		9E2514992929A84800B994C9 /* CSTV */ = {
			isa = PBXNativeTarget;
			buildConfigurationList = 9E2514C42929A84900B994C9 /* Build configuration list for PBXNativeTarget "CSTV" */;
			buildPhases = (
				9E2514962929A84800B994C9 /* Sources */,
				9E2514972929A84800B994C9 /* Frameworks */,
				9E2514982929A84800B994C9 /* Resources */,
			);
			buildRules = (
			);
			dependencies = (
			);
			name = CSTV;
			packageProductDependencies = (
				9E251505292E518E00B994C9 /* SDWebImage */,
			);
			productName = CSTV;
			productReference = 9E25149A2929A84800B994C9 /* CSTV.app */;
			productType = "com.apple.product-type.application";
		};
		9E2514AF2929A84900B994C9 /* CSTVTests */ = {
			isa = PBXNativeTarget;
			buildConfigurationList = 9E2514C72929A84900B994C9 /* Build configuration list for PBXNativeTarget "CSTVTests" */;
			buildPhases = (
				9E2514AC2929A84900B994C9 /* Sources */,
				9E2514AD2929A84900B994C9 /* Frameworks */,
				9E2514AE2929A84900B994C9 /* Resources */,
			);
			buildRules = (
			);
			dependencies = (
				9E2514B22929A84900B994C9 /* PBXTargetDependency */,
			);
			name = CSTVTests;
			productName = CSTVTests;
			productReference = 9E2514B02929A84900B994C9 /* CSTVTests.xctest */;
			productType = "com.apple.product-type.bundle.unit-test";
		};
		9E2514B92929A84900B994C9 /* CSTVUITests */ = {
			isa = PBXNativeTarget;
			buildConfigurationList = 9E2514CA2929A84900B994C9 /* Build configuration list for PBXNativeTarget "CSTVUITests" */;
			buildPhases = (
				9E2514B62929A84900B994C9 /* Sources */,
				9E2514B72929A84900B994C9 /* Frameworks */,
				9E2514B82929A84900B994C9 /* Resources */,
			);
			buildRules = (
			);
			dependencies = (
				9E2514BC2929A84900B994C9 /* PBXTargetDependency */,
			);
			name = CSTVUITests;
			productName = CSTVUITests;
			productReference = 9E2514BA2929A84900B994C9 /* CSTVUITests.xctest */;
			productType = "com.apple.product-type.bundle.ui-testing";
		};
/* End PBXNativeTarget section */

/* Begin PBXProject section */
		9E2514922929A84800B994C9 /* Project object */ = {
			isa = PBXProject;
			attributes = {
				BuildIndependentTargetsInParallel = 1;
				LastSwiftUpdateCheck = 1410;
				LastUpgradeCheck = 1410;
				TargetAttributes = {
					9E2514992929A84800B994C9 = {
						CreatedOnToolsVersion = 14.1;
					};
					9E2514AF2929A84900B994C9 = {
						CreatedOnToolsVersion = 14.1;
						TestTargetID = 9E2514992929A84800B994C9;
					};
					9E2514B92929A84900B994C9 = {
						CreatedOnToolsVersion = 14.1;
						TestTargetID = 9E2514992929A84800B994C9;
					};
				};
			};
			buildConfigurationList = 9E2514952929A84800B994C9 /* Build configuration list for PBXProject "CSTV" */;
			compatibilityVersion = "Xcode 14.0";
			developmentRegion = en;
			hasScannedForEncodings = 0;
			knownRegions = (
				en,
				Base,
			);
			mainGroup = 9E2514912929A84800B994C9;
			packageReferences = (
				9E251504292E518E00B994C9 /* XCRemoteSwiftPackageReference "SDWebImage" */,
			);
			productRefGroup = 9E25149B2929A84800B994C9 /* Products */;
			projectDirPath = "";
			projectRoot = "";
			targets = (
				9E2514992929A84800B994C9 /* CSTV */,
				9E2514AF2929A84900B994C9 /* CSTVTests */,
				9E2514B92929A84900B994C9 /* CSTVUITests */,
			);
		};
/* End PBXProject section */

/* Begin PBXResourcesBuildPhase section */
		9E2514982929A84800B994C9 /* Resources */ = {
			isa = PBXResourcesBuildPhase;
			buildActionMask = 2147483647;
			files = (
				9E69A912292F27250022EDE9 /* Roboto-Bold.ttf in Resources */,
				9E2514AA2929A84900B994C9 /* LaunchScreen.storyboard in Resources */,
				9E69A906292F27250022EDE9 /* Roboto-Regular.ttf in Resources */,
				9E69A913292F27250022EDE9 /* Roboto-Thin.ttf in Resources */,
				9E2514A72929A84900B994C9 /* Assets.xcassets in Resources */,
				9E69A914292F27250022EDE9 /* Roboto-Black.ttf in Resources */,
				9E69A903292F27250022EDE9 /* Roboto-Light.ttf in Resources */,
				9E69A902292F27250022EDE9 /* Roboto-Medium.ttf in Resources */,
			);
			runOnlyForDeploymentPostprocessing = 0;
		};
		9E2514AE2929A84900B994C9 /* Resources */ = {
			isa = PBXResourcesBuildPhase;
			buildActionMask = 2147483647;
			files = (
			);
			runOnlyForDeploymentPostprocessing = 0;
		};
		9E2514B82929A84900B994C9 /* Resources */ = {
			isa = PBXResourcesBuildPhase;
			buildActionMask = 2147483647;
			files = (
			);
			runOnlyForDeploymentPostprocessing = 0;
		};
/* End PBXResourcesBuildPhase section */

/* Begin PBXSourcesBuildPhase section */
		9E2514962929A84800B994C9 /* Sources */ = {
			isa = PBXSourcesBuildPhase;
			buildActionMask = 2147483647;
			files = (
				9E2514E1292BCA3E00B994C9 /* MatchesListRepository.swift in Sources */,
				9E2514EB292C3D1400B994C9 /* Colors.swift in Sources */,
				9E2514D6292BC13F00B994C9 /* CSTVApiRequest.swift in Sources */,
				9E69A8D0292E72220022EDE9 /* String+Extension.swift in Sources */,
				9E69A8E8292F1B5F0022EDE9 /* MatchDetailTableViewCell.swift in Sources */,
				9E69A8EA292F23A40022EDE9 /* PlayersView.swift in Sources */,
				9E2514E4292BCCF300B994C9 /* Match.swift in Sources */,
				9E69A8E4292EEB0A0022EDE9 /* MatchDetailsServiceSetup.swift in Sources */,
				9E69A8DE292EEAA10022EDE9 /* MatchDetailsViewModel.swift in Sources */,
				9E69A8EC292F25AE0022EDE9 /* PlayerCardView.swift in Sources */,
				9E69A8D2292E841D0022EDE9 /* Date+Extension.swift in Sources */,
				9E2514FE292D553600B994C9 /* TeamVersusView.swift in Sources */,
				9E69A8E0292EEAB80022EDE9 /* MatchDetailsFactory.swift in Sources */,
				9E69A8D5292EA62F0022EDE9 /* Images.swift in Sources */,
				9E2514FC292D4E1A00B994C9 /* TeamLogoAndNameView.swift in Sources */,
				9E2514DF292BCA0700B994C9 /* MatchesListViewModel.swift in Sources */,
				9E2514F1292C601A00B994C9 /* Space.swift in Sources */,
				9E2514EF292C5CAB00B994C9 /* ViewConfiguration.swift in Sources */,
				9E2514ED292C56E000B994C9 /* MatchListItemTableViewCell.swift in Sources */,
				9E69A8E6292EF2AB0022EDE9 /* TeamDetails.swift in Sources */,
				9E2514DB292BC7DC00B994C9 /* Bindable.swift in Sources */,
				9E2514D4292BC0A100B994C9 /* CSTVApiError.swift in Sources */,
				9E69A8D7292ED7330022EDE9 /* MatchesListFactory.swift in Sources */,
				9E251500292D874A00B994C9 /* BadgeView.swift in Sources */,
				9E69A916292F28360022EDE9 /* Fonts.swift in Sources */,
				9E69A8DC292EEA910022EDE9 /* MatchDetailsViewController.swift in Sources */,
				9E25149E2929A84800B994C9 /* AppDelegate.swift in Sources */,
				9E2514D2292BC04700B994C9 /* CSTVApiSetupProtocol.swift in Sources */,
				9E2514DD292BC9F400B994C9 /* MatchesListViewController.swift in Sources */,
				9E69A8E2292EEAD20022EDE9 /* MatchDetailsRepository.swift in Sources */,
				9E2514E8292BEFB100B994C9 /* MatchesListServiceSetup.swift in Sources */,
			);
			runOnlyForDeploymentPostprocessing = 0;
		};
		9E2514AC2929A84900B994C9 /* Sources */ = {
			isa = PBXSourcesBuildPhase;
			buildActionMask = 2147483647;
			files = (
				9E2514B52929A84900B994C9 /* CSTVTests.swift in Sources */,
			);
			runOnlyForDeploymentPostprocessing = 0;
		};
		9E2514B62929A84900B994C9 /* Sources */ = {
			isa = PBXSourcesBuildPhase;
			buildActionMask = 2147483647;
			files = (
				9E2514C12929A84900B994C9 /* CSTVUITestsLaunchTests.swift in Sources */,
				9E2514BF2929A84900B994C9 /* CSTVUITests.swift in Sources */,
			);
			runOnlyForDeploymentPostprocessing = 0;
		};
/* End PBXSourcesBuildPhase section */

/* Begin PBXTargetDependency section */
		9E2514B22929A84900B994C9 /* PBXTargetDependency */ = {
			isa = PBXTargetDependency;
			target = 9E2514992929A84800B994C9 /* CSTV */;
			targetProxy = 9E2514B12929A84900B994C9 /* PBXContainerItemProxy */;
		};
		9E2514BC2929A84900B994C9 /* PBXTargetDependency */ = {
			isa = PBXTargetDependency;
			target = 9E2514992929A84800B994C9 /* CSTV */;
			targetProxy = 9E2514BB2929A84900B994C9 /* PBXContainerItemProxy */;
		};
/* End PBXTargetDependency section */

/* Begin PBXVariantGroup section */
		9E2514A82929A84900B994C9 /* LaunchScreen.storyboard */ = {
			isa = PBXVariantGroup;
			children = (
				9E2514A92929A84900B994C9 /* Base */,
			);
			name = LaunchScreen.storyboard;
			sourceTree = "<group>";
		};
/* End PBXVariantGroup section */

/* Begin XCBuildConfiguration section */
		9E2514C22929A84900B994C9 /* Debug */ = {
			isa = XCBuildConfiguration;
			buildSettings = {
				ALWAYS_SEARCH_USER_PATHS = NO;
				CLANG_ANALYZER_NONNULL = YES;
				CLANG_ANALYZER_NUMBER_OBJECT_CONVERSION = YES_AGGRESSIVE;
				CLANG_CXX_LANGUAGE_STANDARD = "gnu++20";
				CLANG_ENABLE_MODULES = YES;
				CLANG_ENABLE_OBJC_ARC = YES;
				CLANG_ENABLE_OBJC_WEAK = YES;
				CLANG_WARN_BLOCK_CAPTURE_AUTORELEASING = YES;
				CLANG_WARN_BOOL_CONVERSION = YES;
				CLANG_WARN_COMMA = YES;
				CLANG_WARN_CONSTANT_CONVERSION = YES;
				CLANG_WARN_DEPRECATED_OBJC_IMPLEMENTATIONS = YES;
				CLANG_WARN_DIRECT_OBJC_ISA_USAGE = YES_ERROR;
				CLANG_WARN_DOCUMENTATION_COMMENTS = YES;
				CLANG_WARN_EMPTY_BODY = YES;
				CLANG_WARN_ENUM_CONVERSION = YES;
				CLANG_WARN_INFINITE_RECURSION = YES;
				CLANG_WARN_INT_CONVERSION = YES;
				CLANG_WARN_NON_LITERAL_NULL_CONVERSION = YES;
				CLANG_WARN_OBJC_IMPLICIT_RETAIN_SELF = YES;
				CLANG_WARN_OBJC_LITERAL_CONVERSION = YES;
				CLANG_WARN_OBJC_ROOT_CLASS = YES_ERROR;
				CLANG_WARN_QUOTED_INCLUDE_IN_FRAMEWORK_HEADER = YES;
				CLANG_WARN_RANGE_LOOP_ANALYSIS = YES;
				CLANG_WARN_STRICT_PROTOTYPES = YES;
				CLANG_WARN_SUSPICIOUS_MOVE = YES;
				CLANG_WARN_UNGUARDED_AVAILABILITY = YES_AGGRESSIVE;
				CLANG_WARN_UNREACHABLE_CODE = YES;
				CLANG_WARN__DUPLICATE_METHOD_MATCH = YES;
				COPY_PHASE_STRIP = NO;
				DEBUG_INFORMATION_FORMAT = dwarf;
				ENABLE_STRICT_OBJC_MSGSEND = YES;
				ENABLE_TESTABILITY = YES;
				GCC_C_LANGUAGE_STANDARD = gnu11;
				GCC_DYNAMIC_NO_PIC = NO;
				GCC_NO_COMMON_BLOCKS = YES;
				GCC_OPTIMIZATION_LEVEL = 0;
				GCC_PREPROCESSOR_DEFINITIONS = (
					"DEBUG=1",
					"$(inherited)",
				);
				GCC_WARN_64_TO_32_BIT_CONVERSION = YES;
				GCC_WARN_ABOUT_RETURN_TYPE = YES_ERROR;
				GCC_WARN_UNDECLARED_SELECTOR = YES;
				GCC_WARN_UNINITIALIZED_AUTOS = YES_AGGRESSIVE;
				GCC_WARN_UNUSED_FUNCTION = YES;
				GCC_WARN_UNUSED_VARIABLE = YES;
				IPHONEOS_DEPLOYMENT_TARGET = 16.1;
				MTL_ENABLE_DEBUG_INFO = INCLUDE_SOURCE;
				MTL_FAST_MATH = YES;
				ONLY_ACTIVE_ARCH = YES;
				SDKROOT = iphoneos;
				SWIFT_ACTIVE_COMPILATION_CONDITIONS = DEBUG;
				SWIFT_OPTIMIZATION_LEVEL = "-Onone";
			};
			name = Debug;
		};
		9E2514C32929A84900B994C9 /* Release */ = {
			isa = XCBuildConfiguration;
			buildSettings = {
				ALWAYS_SEARCH_USER_PATHS = NO;
				CLANG_ANALYZER_NONNULL = YES;
				CLANG_ANALYZER_NUMBER_OBJECT_CONVERSION = YES_AGGRESSIVE;
				CLANG_CXX_LANGUAGE_STANDARD = "gnu++20";
				CLANG_ENABLE_MODULES = YES;
				CLANG_ENABLE_OBJC_ARC = YES;
				CLANG_ENABLE_OBJC_WEAK = YES;
				CLANG_WARN_BLOCK_CAPTURE_AUTORELEASING = YES;
				CLANG_WARN_BOOL_CONVERSION = YES;
				CLANG_WARN_COMMA = YES;
				CLANG_WARN_CONSTANT_CONVERSION = YES;
				CLANG_WARN_DEPRECATED_OBJC_IMPLEMENTATIONS = YES;
				CLANG_WARN_DIRECT_OBJC_ISA_USAGE = YES_ERROR;
				CLANG_WARN_DOCUMENTATION_COMMENTS = YES;
				CLANG_WARN_EMPTY_BODY = YES;
				CLANG_WARN_ENUM_CONVERSION = YES;
				CLANG_WARN_INFINITE_RECURSION = YES;
				CLANG_WARN_INT_CONVERSION = YES;
				CLANG_WARN_NON_LITERAL_NULL_CONVERSION = YES;
				CLANG_WARN_OBJC_IMPLICIT_RETAIN_SELF = YES;
				CLANG_WARN_OBJC_LITERAL_CONVERSION = YES;
				CLANG_WARN_OBJC_ROOT_CLASS = YES_ERROR;
				CLANG_WARN_QUOTED_INCLUDE_IN_FRAMEWORK_HEADER = YES;
				CLANG_WARN_RANGE_LOOP_ANALYSIS = YES;
				CLANG_WARN_STRICT_PROTOTYPES = YES;
				CLANG_WARN_SUSPICIOUS_MOVE = YES;
				CLANG_WARN_UNGUARDED_AVAILABILITY = YES_AGGRESSIVE;
				CLANG_WARN_UNREACHABLE_CODE = YES;
				CLANG_WARN__DUPLICATE_METHOD_MATCH = YES;
				COPY_PHASE_STRIP = NO;
				DEBUG_INFORMATION_FORMAT = "dwarf-with-dsym";
				ENABLE_NS_ASSERTIONS = NO;
				ENABLE_STRICT_OBJC_MSGSEND = YES;
				GCC_C_LANGUAGE_STANDARD = gnu11;
				GCC_NO_COMMON_BLOCKS = YES;
				GCC_WARN_64_TO_32_BIT_CONVERSION = YES;
				GCC_WARN_ABOUT_RETURN_TYPE = YES_ERROR;
				GCC_WARN_UNDECLARED_SELECTOR = YES;
				GCC_WARN_UNINITIALIZED_AUTOS = YES_AGGRESSIVE;
				GCC_WARN_UNUSED_FUNCTION = YES;
				GCC_WARN_UNUSED_VARIABLE = YES;
				IPHONEOS_DEPLOYMENT_TARGET = 16.1;
				MTL_ENABLE_DEBUG_INFO = NO;
				MTL_FAST_MATH = YES;
				SDKROOT = iphoneos;
				SWIFT_COMPILATION_MODE = wholemodule;
				SWIFT_OPTIMIZATION_LEVEL = "-O";
				VALIDATE_PRODUCT = YES;
			};
			name = Release;
		};
		9E2514C52929A84900B994C9 /* Debug */ = {
			isa = XCBuildConfiguration;
			buildSettings = {
				ASSETCATALOG_COMPILER_APPICON_NAME = AppIcon;
				ASSETCATALOG_COMPILER_GLOBAL_ACCENT_COLOR_NAME = AccentColor;
				CODE_SIGN_STYLE = Automatic;
				CURRENT_PROJECT_VERSION = 1;
				DEVELOPMENT_TEAM = 845PHB93KW;
				GENERATE_INFOPLIST_FILE = YES;
				INFOPLIST_FILE = CSTV/Info.plist;
				INFOPLIST_KEY_UIApplicationSupportsIndirectInputEvents = YES;
				INFOPLIST_KEY_UILaunchStoryboardName = LaunchScreen.storyboard;
				INFOPLIST_KEY_UISupportedInterfaceOrientations = UIInterfaceOrientationPortrait;
				LD_RUNPATH_SEARCH_PATHS = (
					"$(inherited)",
					"@executable_path/Frameworks",
				);
				MARKETING_VERSION = 1.0;
				PRODUCT_BUNDLE_IDENTIFIER = com.thiagosantiago.CSTV;
				PRODUCT_NAME = "$(TARGET_NAME)";
				SWIFT_EMIT_LOC_STRINGS = YES;
				SWIFT_VERSION = 5.0;
				TARGETED_DEVICE_FAMILY = "1,2";
			};
			name = Debug;
		};
		9E2514C62929A84900B994C9 /* Release */ = {
			isa = XCBuildConfiguration;
			buildSettings = {
				ASSETCATALOG_COMPILER_APPICON_NAME = AppIcon;
				ASSETCATALOG_COMPILER_GLOBAL_ACCENT_COLOR_NAME = AccentColor;
				CODE_SIGN_STYLE = Automatic;
				CURRENT_PROJECT_VERSION = 1;
				DEVELOPMENT_TEAM = 845PHB93KW;
				GENERATE_INFOPLIST_FILE = YES;
				INFOPLIST_FILE = CSTV/Info.plist;
				INFOPLIST_KEY_UIApplicationSupportsIndirectInputEvents = YES;
				INFOPLIST_KEY_UILaunchStoryboardName = LaunchScreen.storyboard;
				INFOPLIST_KEY_UISupportedInterfaceOrientations = UIInterfaceOrientationPortrait;
				LD_RUNPATH_SEARCH_PATHS = (
					"$(inherited)",
					"@executable_path/Frameworks",
				);
				MARKETING_VERSION = 1.0;
				PRODUCT_BUNDLE_IDENTIFIER = com.thiagosantiago.CSTV;
				PRODUCT_NAME = "$(TARGET_NAME)";
				SWIFT_EMIT_LOC_STRINGS = YES;
				SWIFT_VERSION = 5.0;
				TARGETED_DEVICE_FAMILY = "1,2";
			};
			name = Release;
		};
		9E2514C82929A84900B994C9 /* Debug */ = {
			isa = XCBuildConfiguration;
			buildSettings = {
				ALWAYS_EMBED_SWIFT_STANDARD_LIBRARIES = YES;
				BUNDLE_LOADER = "$(TEST_HOST)";
				CODE_SIGN_STYLE = Automatic;
				CURRENT_PROJECT_VERSION = 1;
				DEVELOPMENT_TEAM = 845PHB93KW;
				GENERATE_INFOPLIST_FILE = YES;
				IPHONEOS_DEPLOYMENT_TARGET = 16.1;
				MARKETING_VERSION = 1.0;
				PRODUCT_BUNDLE_IDENTIFIER = com.thiagosantiago.CSTVTests;
				PRODUCT_NAME = "$(TARGET_NAME)";
				SWIFT_EMIT_LOC_STRINGS = NO;
				SWIFT_VERSION = 5.0;
				TARGETED_DEVICE_FAMILY = "1,2";
				TEST_HOST = "$(BUILT_PRODUCTS_DIR)/CSTV.app/$(BUNDLE_EXECUTABLE_FOLDER_PATH)/CSTV";
			};
			name = Debug;
		};
		9E2514C92929A84900B994C9 /* Release */ = {
			isa = XCBuildConfiguration;
			buildSettings = {
				ALWAYS_EMBED_SWIFT_STANDARD_LIBRARIES = YES;
				BUNDLE_LOADER = "$(TEST_HOST)";
				CODE_SIGN_STYLE = Automatic;
				CURRENT_PROJECT_VERSION = 1;
				DEVELOPMENT_TEAM = 845PHB93KW;
				GENERATE_INFOPLIST_FILE = YES;
				IPHONEOS_DEPLOYMENT_TARGET = 16.1;
				MARKETING_VERSION = 1.0;
				PRODUCT_BUNDLE_IDENTIFIER = com.thiagosantiago.CSTVTests;
				PRODUCT_NAME = "$(TARGET_NAME)";
				SWIFT_EMIT_LOC_STRINGS = NO;
				SWIFT_VERSION = 5.0;
				TARGETED_DEVICE_FAMILY = "1,2";
				TEST_HOST = "$(BUILT_PRODUCTS_DIR)/CSTV.app/$(BUNDLE_EXECUTABLE_FOLDER_PATH)/CSTV";
			};
			name = Release;
		};
		9E2514CB2929A84900B994C9 /* Debug */ = {
			isa = XCBuildConfiguration;
			buildSettings = {
				ALWAYS_EMBED_SWIFT_STANDARD_LIBRARIES = YES;
				CODE_SIGN_STYLE = Automatic;
				CURRENT_PROJECT_VERSION = 1;
				DEVELOPMENT_TEAM = 845PHB93KW;
				GENERATE_INFOPLIST_FILE = YES;
				MARKETING_VERSION = 1.0;
				PRODUCT_BUNDLE_IDENTIFIER = com.thiagosantiago.CSTVUITests;
				PRODUCT_NAME = "$(TARGET_NAME)";
				SWIFT_EMIT_LOC_STRINGS = NO;
				SWIFT_VERSION = 5.0;
				TARGETED_DEVICE_FAMILY = "1,2";
				TEST_TARGET_NAME = CSTV;
			};
			name = Debug;
		};
		9E2514CC2929A84900B994C9 /* Release */ = {
			isa = XCBuildConfiguration;
			buildSettings = {
				ALWAYS_EMBED_SWIFT_STANDARD_LIBRARIES = YES;
				CODE_SIGN_STYLE = Automatic;
				CURRENT_PROJECT_VERSION = 1;
				DEVELOPMENT_TEAM = 845PHB93KW;
				GENERATE_INFOPLIST_FILE = YES;
				MARKETING_VERSION = 1.0;
				PRODUCT_BUNDLE_IDENTIFIER = com.thiagosantiago.CSTVUITests;
				PRODUCT_NAME = "$(TARGET_NAME)";
				SWIFT_EMIT_LOC_STRINGS = NO;
				SWIFT_VERSION = 5.0;
				TARGETED_DEVICE_FAMILY = "1,2";
				TEST_TARGET_NAME = CSTV;
			};
			name = Release;
		};
/* End XCBuildConfiguration section */

/* Begin XCConfigurationList section */
		9E2514952929A84800B994C9 /* Build configuration list for PBXProject "CSTV" */ = {
			isa = XCConfigurationList;
			buildConfigurations = (
				9E2514C22929A84900B994C9 /* Debug */,
				9E2514C32929A84900B994C9 /* Release */,
			);
			defaultConfigurationIsVisible = 0;
			defaultConfigurationName = Release;
		};
		9E2514C42929A84900B994C9 /* Build configuration list for PBXNativeTarget "CSTV" */ = {
			isa = XCConfigurationList;
			buildConfigurations = (
				9E2514C52929A84900B994C9 /* Debug */,
				9E2514C62929A84900B994C9 /* Release */,
			);
			defaultConfigurationIsVisible = 0;
			defaultConfigurationName = Release;
		};
		9E2514C72929A84900B994C9 /* Build configuration list for PBXNativeTarget "CSTVTests" */ = {
			isa = XCConfigurationList;
			buildConfigurations = (
				9E2514C82929A84900B994C9 /* Debug */,
				9E2514C92929A84900B994C9 /* Release */,
			);
			defaultConfigurationIsVisible = 0;
			defaultConfigurationName = Release;
		};
		9E2514CA2929A84900B994C9 /* Build configuration list for PBXNativeTarget "CSTVUITests" */ = {
			isa = XCConfigurationList;
			buildConfigurations = (
				9E2514CB2929A84900B994C9 /* Debug */,
				9E2514CC2929A84900B994C9 /* Release */,
			);
			defaultConfigurationIsVisible = 0;
			defaultConfigurationName = Release;
		};
/* End XCConfigurationList section */

/* Begin XCRemoteSwiftPackageReference section */
		9E251504292E518E00B994C9 /* XCRemoteSwiftPackageReference "SDWebImage" */ = {
			isa = XCRemoteSwiftPackageReference;
			repositoryURL = "https://github.com/SDWebImage/SDWebImage";
			requirement = {
				kind = upToNextMajorVersion;
				minimumVersion = 5.0.0;
			};
		};
/* End XCRemoteSwiftPackageReference section */

/* Begin XCSwiftPackageProductDependency section */
		9E251505292E518E00B994C9 /* SDWebImage */ = {
			isa = XCSwiftPackageProductDependency;
			package = 9E251504292E518E00B994C9 /* XCRemoteSwiftPackageReference "SDWebImage" */;
			productName = SDWebImage;
		};
/* End XCSwiftPackageProductDependency section */
	};
	rootObject = 9E2514922929A84800B994C9 /* Project object */;
}
